// !$*UTF8*$!
{
	archiveVersion = 1;
	classes = {
	};
	objectVersion = 50;
	objects = {

/* Begin PBXBuildFile section */
		156840BE26082D4100C62BB3 /* AppDelegate.swift in Sources */ = {isa = PBXBuildFile; fileRef = 156840BD26082D4100C62BB3 /* AppDelegate.swift */; };
		156840C026082D4100C62BB3 /* SceneDelegate.swift in Sources */ = {isa = PBXBuildFile; fileRef = 156840BF26082D4100C62BB3 /* SceneDelegate.swift */; };
		156840C226082D4100C62BB3 /* ViewController.swift in Sources */ = {isa = PBXBuildFile; fileRef = 156840C126082D4100C62BB3 /* ViewController.swift */; };
		156840C526082D4100C62BB3 /* Main.storyboard in Resources */ = {isa = PBXBuildFile; fileRef = 156840C326082D4100C62BB3 /* Main.storyboard */; };
		156840C726082D4200C62BB3 /* Assets.xcassets in Resources */ = {isa = PBXBuildFile; fileRef = 156840C626082D4200C62BB3 /* Assets.xcassets */; };
		156840CA26082D4200C62BB3 /* LaunchScreen.storyboard in Resources */ = {isa = PBXBuildFile; fileRef = 156840C826082D4200C62BB3 /* LaunchScreen.storyboard */; };
		156840D3260837E400C62BB3 /* Screen2ViewController.swift in Sources */ = {isa = PBXBuildFile; fileRef = 156840D2260837E400C62BB3 /* Screen2ViewController.swift */; };
		156840EA2609842E00C62BB3 /* Person.swift in Sources */ = {isa = PBXBuildFile; fileRef = 156840E92609842E00C62BB3 /* Person.swift */; };
		156840ED2609847C00C62BB3 /* User.swift in Sources */ = {isa = PBXBuildFile; fileRef = 156840EC2609847C00C62BB3 /* User.swift */; };
		156840F02609849D00C62BB3 /* Doctor.swift in Sources */ = {isa = PBXBuildFile; fileRef = 156840EF2609849D00C62BB3 /* Doctor.swift */; };
		156840F42609853200C62BB3 /* Supplier.swift in Sources */ = {isa = PBXBuildFile; fileRef = 156840F32609853200C62BB3 /* Supplier.swift */; };
		15747FBD260BB05500888F96 /* Event.swift in Sources */ = {isa = PBXBuildFile; fileRef = 15747FBC260BB05500888F96 /* Event.swift */; };
		15747FC0260BB08D00888F96 /* a5-main.swift in Sources */ = {isa = PBXBuildFile; fileRef = 15747FBF260BB08D00888F96 /* a5-main.swift */; };
		15747FC3260BB3EE00888F96 /* req.swift in Sources */ = {isa = PBXBuildFile; fileRef = 15747FC2260BB3EE00888F96 /* req.swift */; };
		15747FCA260BCC8A00888F96 /* AddSupScreen.swift in Sources */ = {isa = PBXBuildFile; fileRef = 15747FC9260BCC8A00888F96 /* AddSupScreen.swift */; };
/* End PBXBuildFile section */

/* Begin PBXFileReference section */
		156840BA26082D4100C62BB3 /* a61.app */ = {isa = PBXFileReference; explicitFileType = wrapper.application; includeInIndex = 0; path = a61.app; sourceTree = BUILT_PRODUCTS_DIR; };
		156840BD26082D4100C62BB3 /* AppDelegate.swift */ = {isa = PBXFileReference; lastKnownFileType = sourcecode.swift; path = AppDelegate.swift; sourceTree = "<group>"; };
		156840BF26082D4100C62BB3 /* SceneDelegate.swift */ = {isa = PBXFileReference; lastKnownFileType = sourcecode.swift; path = SceneDelegate.swift; sourceTree = "<group>"; };
		156840C126082D4100C62BB3 /* ViewController.swift */ = {isa = PBXFileReference; lastKnownFileType = sourcecode.swift; path = ViewController.swift; sourceTree = "<group>"; };
		156840C426082D4100C62BB3 /* Base */ = {isa = PBXFileReference; lastKnownFileType = file.storyboard; name = Base; path = Base.lproj/Main.storyboard; sourceTree = "<group>"; };
		156840C626082D4200C62BB3 /* Assets.xcassets */ = {isa = PBXFileReference; lastKnownFileType = folder.assetcatalog; path = Assets.xcassets; sourceTree = "<group>"; };
		156840C926082D4200C62BB3 /* Base */ = {isa = PBXFileReference; lastKnownFileType = file.storyboard; name = Base; path = Base.lproj/LaunchScreen.storyboard; sourceTree = "<group>"; };
		156840CB26082D4200C62BB3 /* Info.plist */ = {isa = PBXFileReference; lastKnownFileType = text.plist.xml; path = Info.plist; sourceTree = "<group>"; };
		156840D2260837E400C62BB3 /* Screen2ViewController.swift */ = {isa = PBXFileReference; lastKnownFileType = sourcecode.swift; path = Screen2ViewController.swift; sourceTree = "<group>"; };
		156840E92609842E00C62BB3 /* Person.swift */ = {isa = PBXFileReference; lastKnownFileType = sourcecode.swift; path = Person.swift; sourceTree = "<group>"; };
		156840EC2609847C00C62BB3 /* User.swift */ = {isa = PBXFileReference; lastKnownFileType = sourcecode.swift; path = User.swift; sourceTree = "<group>"; };
		156840EF2609849D00C62BB3 /* Doctor.swift */ = {isa = PBXFileReference; lastKnownFileType = sourcecode.swift; path = Doctor.swift; sourceTree = "<group>"; };
		156840F32609853200C62BB3 /* Supplier.swift */ = {isa = PBXFileReference; lastKnownFileType = sourcecode.swift; path = Supplier.swift; sourceTree = "<group>"; };
		15747FBC260BB05500888F96 /* Event.swift */ = {isa = PBXFileReference; lastKnownFileType = sourcecode.swift; path = Event.swift; sourceTree = "<group>"; };
		15747FBF260BB08D00888F96 /* a5-main.swift */ = {isa = PBXFileReference; lastKnownFileType = sourcecode.swift; path = "a5-main.swift"; sourceTree = "<group>"; };
		15747FC2260BB3EE00888F96 /* req.swift */ = {isa = PBXFileReference; lastKnownFileType = sourcecode.swift; path = req.swift; sourceTree = "<group>"; };
		15747FC9260BCC8A00888F96 /* AddSupScreen.swift */ = {isa = PBXFileReference; lastKnownFileType = sourcecode.swift; path = AddSupScreen.swift; sourceTree = "<group>"; };
/* End PBXFileReference section */

/* Begin PBXFrameworksBuildPhase section */
		156840B726082D4100C62BB3 /* Frameworks */ = {
			isa = PBXFrameworksBuildPhase;
			buildActionMask = 2147483647;
			files = (
			);
			runOnlyForDeploymentPostprocessing = 0;
		};
/* End PBXFrameworksBuildPhase section */

/* Begin PBXGroup section */
		156840B126082D4100C62BB3 = {
			isa = PBXGroup;
			children = (
				15747FC2260BB3EE00888F96 /* req.swift */,
				15747FBF260BB08D00888F96 /* a5-main.swift */,
				15747FBC260BB05500888F96 /* Event.swift */,
				156840F32609853200C62BB3 /* Supplier.swift */,
				156840EF2609849D00C62BB3 /* Doctor.swift */,
				156840EC2609847C00C62BB3 /* User.swift */,
				156840E92609842E00C62BB3 /* Person.swift */,
				156840BC26082D4100C62BB3 /* a61 */,
				156840BB26082D4100C62BB3 /* Products */,
			);
			sourceTree = "<group>";
		};
		156840BB26082D4100C62BB3 /* Products */ = {
			isa = PBXGroup;
			children = (
				156840BA26082D4100C62BB3 /* a61.app */,
			);
			name = Products;
			sourceTree = "<group>";
		};
		156840BC26082D4100C62BB3 /* a61 */ = {
			isa = PBXGroup;
			children = (
				156840BD26082D4100C62BB3 /* AppDelegate.swift */,
				156840BF26082D4100C62BB3 /* SceneDelegate.swift */,
				156840C126082D4100C62BB3 /* ViewController.swift */,
				156840C326082D4100C62BB3 /* Main.storyboard */,
				156840C626082D4200C62BB3 /* Assets.xcassets */,
				156840C826082D4200C62BB3 /* LaunchScreen.storyboard */,
				156840CB26082D4200C62BB3 /* Info.plist */,
				156840D2260837E400C62BB3 /* Screen2ViewController.swift */,
				15747FC9260BCC8A00888F96 /* AddSupScreen.swift */,
			);
			path = a61;
			sourceTree = "<group>";
		};
/* End PBXGroup section */

/* Begin PBXNativeTarget section */
		156840B926082D4100C62BB3 /* a61 */ = {
			isa = PBXNativeTarget;
			buildConfigurationList = 156840CE26082D4200C62BB3 /* Build configuration list for PBXNativeTarget "a61" */;
			buildPhases = (
				156840B626082D4100C62BB3 /* Sources */,
				156840B726082D4100C62BB3 /* Frameworks */,
				156840B826082D4100C62BB3 /* Resources */,
			);
			buildRules = (
			);
			dependencies = (
			);
			name = a61;
			productName = a61;
			productReference = 156840BA26082D4100C62BB3 /* a61.app */;
			productType = "com.apple.product-type.application";
		};
/* End PBXNativeTarget section */

/* Begin PBXProject section */
		156840B226082D4100C62BB3 /* Project object */ = {
			isa = PBXProject;
			attributes = {
				LastSwiftUpdateCheck = 1240;
				LastUpgradeCheck = 1240;
				TargetAttributes = {
					156840B926082D4100C62BB3 = {
						CreatedOnToolsVersion = 12.4;
					};
				};
			};
			buildConfigurationList = 156840B526082D4100C62BB3 /* Build configuration list for PBXProject "a61" */;
			compatibilityVersion = "Xcode 9.3";
			developmentRegion = en;
			hasScannedForEncodings = 0;
			knownRegions = (
				en,
				Base,
			);
			mainGroup = 156840B126082D4100C62BB3;
			productRefGroup = 156840BB26082D4100C62BB3 /* Products */;
			projectDirPath = "";
			projectRoot = "";
			targets = (
				156840B926082D4100C62BB3 /* a61 */,
			);
		};
/* End PBXProject section */

/* Begin PBXResourcesBuildPhase section */
		156840B826082D4100C62BB3 /* Resources */ = {
			isa = PBXResourcesBuildPhase;
			buildActionMask = 2147483647;
			files = (
				156840CA26082D4200C62BB3 /* LaunchScreen.storyboard in Resources */,
				156840C726082D4200C62BB3 /* Assets.xcassets in Resources */,
				156840C526082D4100C62BB3 /* Main.storyboard in Resources */,
			);
			runOnlyForDeploymentPostprocessing = 0;
		};
/* End PBXResourcesBuildPhase section */

/* Begin PBXSourcesBuildPhase section */
		156840B626082D4100C62BB3 /* Sources */ = {
			isa = PBXSourcesBuildPhase;
			buildActionMask = 2147483647;
			files = (
				156840EA2609842E00C62BB3 /* Person.swift in Sources */,
				15747FBD260BB05500888F96 /* Event.swift in Sources */,
				15747FC3260BB3EE00888F96 /* req.swift in Sources */,
				156840C226082D4100C62BB3 /* ViewController.swift in Sources */,
				156840F02609849D00C62BB3 /* Doctor.swift in Sources */,
				15747FC0260BB08D00888F96 /* a5-main.swift in Sources */,
				15747FCA260BCC8A00888F96 /* AddSupScreen.swift in Sources */,
				156840BE26082D4100C62BB3 /* AppDelegate.swift in Sources */,
				156840C026082D4100C62BB3 /* SceneDelegate.swift in Sources */,
				156840F42609853200C62BB3 /* Supplier.swift in Sources */,
				156840D3260837E400C62BB3 /* Screen2ViewController.swift in Sources */,
				156840ED2609847C00C62BB3 /* User.swift in Sources */,
			);
			runOnlyForDeploymentPostprocessing = 0;
		};
/* End PBXSourcesBuildPhase section */

/* Begin PBXVariantGroup section */
		156840C326082D4100C62BB3 /* Main.storyboard */ = {
			isa = PBXVariantGroup;
			children = (
				156840C426082D4100C62BB3 /* Base */,
			);
			name = Main.storyboard;
			sourceTree = "<group>";
		};
		156840C826082D4200C62BB3 /* LaunchScreen.storyboard */ = {
			isa = PBXVariantGroup;
			children = (
				156840C926082D4200C62BB3 /* Base */,
			);
			name = LaunchScreen.storyboard;
			sourceTree = "<group>";
		};
/* End PBXVariantGroup section */

/* Begin XCBuildConfiguration section */
		156840CC26082D4200C62BB3 /* Debug */ = {
			isa = XCBuildConfiguration;
			buildSettings = {
				ALWAYS_SEARCH_USER_PATHS = NO;
				CLANG_ANALYZER_NONNULL = YES;
				CLANG_ANALYZER_NUMBER_OBJECT_CONVERSION = YES_AGGRESSIVE;
				CLANG_CXX_LANGUAGE_STANDARD = "gnu++14";
				CLANG_CXX_LIBRARY = "libc++";
				CLANG_ENABLE_MODULES = YES;
				CLANG_ENABLE_OBJC_ARC = YES;
				CLANG_ENABLE_OBJC_WEAK = YES;
				CLANG_WARN_BLOCK_CAPTURE_AUTORELEASING = YES;
				CLANG_WARN_BOOL_CONVERSION = YES;
				CLANG_WARN_COMMA = YES;
				CLANG_WARN_CONSTANT_CONVERSION = YES;
				CLANG_WARN_DEPRECATED_OBJC_IMPLEMENTATIONS = YES;
				CLANG_WARN_DIRECT_OBJC_ISA_USAGE = YES_ERROR;
				CLANG_WARN_DOCUMENTATION_COMMENTS = YES;
				CLANG_WARN_EMPTY_BODY = YES;
				CLANG_WARN_ENUM_CONVERSION = YES;
				CLANG_WARN_INFINITE_RECURSION = YES;
				CLANG_WARN_INT_CONVERSION = YES;
				CLANG_WARN_NON_LITERAL_NULL_CONVERSION = YES;
				CLANG_WARN_OBJC_IMPLICIT_RETAIN_SELF = YES;
				CLANG_WARN_OBJC_LITERAL_CONVERSION = YES;
				CLANG_WARN_OBJC_ROOT_CLASS = YES_ERROR;
				CLANG_WARN_QUOTED_INCLUDE_IN_FRAMEWORK_HEADER = YES;
				CLANG_WARN_RANGE_LOOP_ANALYSIS = YES;
				CLANG_WARN_STRICT_PROTOTYPES = YES;
				CLANG_WARN_SUSPICIOUS_MOVE = YES;
				CLANG_WARN_UNGUARDED_AVAILABILITY = YES_AGGRESSIVE;
				CLANG_WARN_UNREACHABLE_CODE = YES;
				CLANG_WARN__DUPLICATE_METHOD_MATCH = YES;
				COPY_PHASE_STRIP = NO;
				DEBUG_INFORMATION_FORMAT = dwarf;
				ENABLE_STRICT_OBJC_MSGSEND = YES;
				ENABLE_TESTABILITY = YES;
				GCC_C_LANGUAGE_STANDARD = gnu11;
				GCC_DYNAMIC_NO_PIC = NO;
				GCC_NO_COMMON_BLOCKS = YES;
				GCC_OPTIMIZATION_LEVEL = 0;
				GCC_PREPROCESSOR_DEFINITIONS = (
					"DEBUG=1",
					"$(inherited)",
				);
				GCC_WARN_64_TO_32_BIT_CONVERSION = YES;
				GCC_WARN_ABOUT_RETURN_TYPE = YES_ERROR;
				GCC_WARN_UNDECLARED_SELECTOR = YES;
				GCC_WARN_UNINITIALIZED_AUTOS = YES_AGGRESSIVE;
				GCC_WARN_UNUSED_FUNCTION = YES;
				GCC_WARN_UNUSED_VARIABLE = YES;
				IPHONEOS_DEPLOYMENT_TARGET = 14.4;
				MTL_ENABLE_DEBUG_INFO = INCLUDE_SOURCE;
				MTL_FAST_MATH = YES;
				ONLY_ACTIVE_ARCH = YES;
				SDKROOT = iphoneos;
				SWIFT_ACTIVE_COMPILATION_CONDITIONS = DEBUG;
				SWIFT_OPTIMIZATION_LEVEL = "-Onone";
			};
			name = Debug;
		};
		156840CD26082D4200C62BB3 /* Release */ = {
			isa = XCBuildConfiguration;
			buildSettings = {
				ALWAYS_SEARCH_USER_PATHS = NO;
				CLANG_ANALYZER_NONNULL = YES;
				CLANG_ANALYZER_NUMBER_OBJECT_CONVERSION = YES_AGGRESSIVE;
				CLANG_CXX_LANGUAGE_STANDARD = "gnu++14";
				CLANG_CXX_LIBRARY = "libc++";
				CLANG_ENABLE_MODULES = YES;
				CLANG_ENABLE_OBJC_ARC = YES;
				CLANG_ENABLE_OBJC_WEAK = YES;
				CLANG_WARN_BLOCK_CAPTURE_AUTORELEASING = YES;
				CLANG_WARN_BOOL_CONVERSION = YES;
				CLANG_WARN_COMMA = YES;
				CLANG_WARN_CONSTANT_CONVERSION = YES;
				CLANG_WARN_DEPRECATED_OBJC_IMPLEMENTATIONS = YES;
				CLANG_WARN_DIRECT_OBJC_ISA_USAGE = YES_ERROR;
				CLANG_WARN_DOCUMENTATION_COMMENTS = YES;
				CLANG_WARN_EMPTY_BODY = YES;
				CLANG_WARN_ENUM_CONVERSION = YES;
				CLANG_WARN_INFINITE_RECURSION = YES;
				CLANG_WARN_INT_CONVERSION = YES;
				CLANG_WARN_NON_LITERAL_NULL_CONVERSION = YES;
				CLANG_WARN_OBJC_IMPLICIT_RETAIN_SELF = YES;
				CLANG_WARN_OBJC_LITERAL_CONVERSION = YES;
				CLANG_WARN_OBJC_ROOT_CLASS = YES_ERROR;
				CLANG_WARN_QUOTED_INCLUDE_IN_FRAMEWORK_HEADER = YES;
				CLANG_WARN_RANGE_LOOP_ANALYSIS = YES;
				CLANG_WARN_STRICT_PROTOTYPES = YES;
				CLANG_WARN_SUSPICIOUS_MOVE = YES;
				CLANG_WARN_UNGUARDED_AVAILABILITY = YES_AGGRESSIVE;
				CLANG_WARN_UNREACHABLE_CODE = YES;
				CLANG_WARN__DUPLICATE_METHOD_MATCH = YES;
				COPY_PHASE_STRIP = NO;
				DEBUG_INFORMATION_FORMAT = "dwarf-with-dsym";
				ENABLE_NS_ASSERTIONS = NO;
				ENABLE_STRICT_OBJC_MSGSEND = YES;
				GCC_C_LANGUAGE_STANDARD = gnu11;
				GCC_NO_COMMON_BLOCKS = YES;
				GCC_WARN_64_TO_32_BIT_CONVERSION = YES;
				GCC_WARN_ABOUT_RETURN_TYPE = YES_ERROR;
				GCC_WARN_UNDECLARED_SELECTOR = YES;
				GCC_WARN_UNINITIALIZED_AUTOS = YES_AGGRESSIVE;
				GCC_WARN_UNUSED_FUNCTION = YES;
				GCC_WARN_UNUSED_VARIABLE = YES;
				IPHONEOS_DEPLOYMENT_TARGET = 14.4;
				MTL_ENABLE_DEBUG_INFO = NO;
				MTL_FAST_MATH = YES;
				SDKROOT = iphoneos;
				SWIFT_COMPILATION_MODE = wholemodule;
				SWIFT_OPTIMIZATION_LEVEL = "-O";
				VALIDATE_PRODUCT = YES;
			};
			name = Release;
		};
		156840CF26082D4200C62BB3 /* Debug */ = {
			isa = XCBuildConfiguration;
			buildSettings = {
				ASSETCATALOG_COMPILER_APPICON_NAME = AppIcon;
				ASSETCATALOG_COMPILER_GLOBAL_ACCENT_COLOR_NAME = AccentColor;
				CODE_SIGN_STYLE = Automatic;
				INFOPLIST_FILE = a61/Info.plist;
				LD_RUNPATH_SEARCH_PATHS = (
					"$(inherited)",
					"@executable_path/Frameworks",
				);
				PRODUCT_BUNDLE_IDENTIFIER = nps.a61;
				PRODUCT_NAME = "$(TARGET_NAME)";
				SWIFT_VERSION = 5.0;
				TARGETED_DEVICE_FAMILY = "1,2";
			};
			name = Debug;
		};
		156840D026082D4200C62BB3 /* Release */ = {
			isa = XCBuildConfiguration;
			buildSettings = {
				ASSETCATALOG_COMPILER_APPICON_NAME = AppIcon;
				ASSETCATALOG_COMPILER_GLOBAL_ACCENT_COLOR_NAME = AccentColor;
				CODE_SIGN_STYLE = Automatic;
				INFOPLIST_FILE = a61/Info.plist;
				LD_RUNPATH_SEARCH_PATHS = (
					"$(inherited)",
					"@executable_path/Frameworks",
				);
				PRODUCT_BUNDLE_IDENTIFIER = nps.a61;
				PRODUCT_NAME = "$(TARGET_NAME)";
				SWIFT_VERSION = 5.0;
				TARGETED_DEVICE_FAMILY = "1,2";
			};
			name = Release;
		};
/* End XCBuildConfiguration section */

/* Begin XCConfigurationList section */
		156840B526082D4100C62BB3 /* Build configuration list for PBXProject "a61" */ = {
			isa = XCConfigurationList;
			buildConfigurations = (
				156840CC26082D4200C62BB3 /* Debug */,
				156840CD26082D4200C62BB3 /* Release */,
			);
			defaultConfigurationIsVisible = 0;
			defaultConfigurationName = Release;
		};
		156840CE26082D4200C62BB3 /* Build configuration list for PBXNativeTarget "a61" */ = {
			isa = XCConfigurationList;
			buildConfigurations = (
				156840CF26082D4200C62BB3 /* Debug */,
				156840D026082D4200C62BB3 /* Release */,
			);
			defaultConfigurationIsVisible = 0;
			defaultConfigurationName = Release;
		};
/* End XCConfigurationList section */
	};
	rootObject = 156840B226082D4100C62BB3 /* Project object */;
}
